
Microsoft Visual Studio Solution File, Format Version 12.00
# Visual Studio Version 17
VisualStudioVersion = 17.9.34728.123
MinimumVisualStudioVersion = 10.0.40219.1
Project("{9A19103F-16F7-4668-BE54-9A1E7A4F7556}") = "DansParkingPack", "DansParkingPack.csproj", "{2356A64E-7977-4AA3-B25D-769C3AECC543}"
EndProject
Global
	GlobalSection(SolutionConfigurationPlatforms) = preSolution
		Debug|Any CPU = Debug|Any CPU
		Release|Any CPU = Release|Any CPU
	EndGlobalSection
	GlobalSection(ProjectConfigurationPlatforms) = postSolution
		{2356A64E-7977-4AA3-B25D-769C3AECC543}.Debug|Any CPU.ActiveCfg = Debug|Any CPU
		{2356A64E-7977-4AA3-B25D-769C3AECC543}.Debug|Any CPU.Build.0 = Debug|Any CPU
		{2356A64E-7977-4AA3-B25D-769C3AECC543}.Release|Any CPU.ActiveCfg = Release|Any CPU
		{2356A64E-7977-4AA3-B25D-769C3AECC543}.Release|Any CPU.Build.0 = Release|Any CPU
	EndGlobalSection
	GlobalSection(SolutionProperties) = preSolution
		HideSolutionNode = FALSE
	EndGlobalSection
	GlobalSection(ExtensibilityGlobals) = postSolution
		SolutionGuid = {FA4FFDE0-0C4A-45E8-BD29-831073B1690C}
	EndGlobalSection
EndGlobal
